// !$*UTF8*$!
{
	archiveVersion = 1;
	classes = {
	};
	objectVersion = 50;
	objects = {

/* Begin PBXBuildFile section */
		AB4FE73924C7CF8900EC752F /* main.m in Sources */ = {isa = PBXBuildFile; fileRef = AB4FE73824C7CF8900EC752F /* main.m */; };
		AB4FE74124C7D33B00EC752F /* SyntaxBasics.m in Sources */ = {isa = PBXBuildFile; fileRef = AB4FE74024C7D33B00EC752F /* SyntaxBasics.m */; };
/* End PBXBuildFile section */

/* Begin PBXCopyFilesBuildPhase section */
		AB4FE73324C7CF8900EC752F /* CopyFiles */ = {
			isa = PBXCopyFilesBuildPhase;
			buildActionMask = 2147483647;
			dstPath = /usr/share/man/man1/;
			dstSubfolderSpec = 0;
			files = (
			);
			runOnlyForDeploymentPostprocessing = 1;
		};
/* End PBXCopyFilesBuildPhase section */

/* Begin PBXFileReference section */
		AB4FE73524C7CF8900EC752F /* Objective-C Playground */ = {isa = PBXFileReference; explicitFileType = "compiled.mach-o.executable"; includeInIndex = 0; path = "Objective-C Playground"; sourceTree = BUILT_PRODUCTS_DIR; };
		AB4FE73824C7CF8900EC752F /* main.m */ = {isa = PBXFileReference; lastKnownFileType = sourcecode.c.objc; path = main.m; sourceTree = "<group>"; };
		AB4FE73F24C7D33B00EC752F /* SyntaxBasics.h */ = {isa = PBXFileReference; lastKnownFileType = sourcecode.c.h; path = SyntaxBasics.h; sourceTree = "<group>"; };
		AB4FE74024C7D33B00EC752F /* SyntaxBasics.m */ = {isa = PBXFileReference; lastKnownFileType = sourcecode.c.objc; path = SyntaxBasics.m; sourceTree = "<group>"; };
/* End PBXFileReference section */

/* Begin PBXFrameworksBuildPhase section */
		AB4FE73224C7CF8900EC752F /* Frameworks */ = {
			isa = PBXFrameworksBuildPhase;
			buildActionMask = 2147483647;
			files = (
			);
			runOnlyForDeploymentPostprocessing = 0;
		};
/* End PBXFrameworksBuildPhase section */

/* Begin PBXGroup section */
		AB4FE72C24C7CF8900EC752F = {
			isa = PBXGroup;
			children = (
				AB4FE73724C7CF8900EC752F /* Objective-C Playground */,
				AB4FE73624C7CF8900EC752F /* Products */,
			);
			sourceTree = "<group>";
		};
		AB4FE73624C7CF8900EC752F /* Products */ = {
			isa = PBXGroup;
			children = (
				AB4FE73524C7CF8900EC752F /* Objective-C Playground */,
			);
			name = Products;
			sourceTree = "<group>";
		};
		AB4FE73724C7CF8900EC752F /* Objective-C Playground */ = {
			isa = PBXGroup;
			children = (
				AB4FE73824C7CF8900EC752F /* main.m */,
				AB4FE73F24C7D33B00EC752F /* SyntaxBasics.h */,
				AB4FE74024C7D33B00EC752F /* SyntaxBasics.m */,
			);
			path = "Objective-C Playground";
			sourceTree = "<group>";
		};
/* End PBXGroup section */

/* Begin PBXNativeTarget section */
		AB4FE73424C7CF8900EC752F /* Objective-C Playground */ = {
			isa = PBXNativeTarget;
			buildConfigurationList = AB4FE73C24C7CF8900EC752F /* Build configuration list for PBXNativeTarget "Objective-C Playground" */;
			buildPhases = (
				AB4FE73124C7CF8900EC752F /* Sources */,
				AB4FE73224C7CF8900EC752F /* Frameworks */,
				AB4FE73324C7CF8900EC752F /* CopyFiles */,
			);
			buildRules = (
			);
			dependencies = (
			);
			name = "Objective-C Playground";
			productName = "Objective-C Playground";
			productReference = AB4FE73524C7CF8900EC752F /* Objective-C Playground */;
			productType = "com.apple.product-type.tool";
		};
/* End PBXNativeTarget section */

/* Begin PBXProject section */
		AB4FE72D24C7CF8900EC752F /* Project object */ = {
			isa = PBXProject;
			attributes = {
				LastUpgradeCheck = 1160;
				ORGANIZATIONNAME = "Crus Technologies";
				TargetAttributes = {
					AB4FE73424C7CF8900EC752F = {
						CreatedOnToolsVersion = 11.6;
					};
				};
			};
			buildConfigurationList = AB4FE73024C7CF8900EC752F /* Build configuration list for PBXProject "Objective-C Playground" */;
			compatibilityVersion = "Xcode 9.3";
			developmentRegion = en;
			hasScannedForEncodings = 0;
			knownRegions = (
				en,
				Base,
			);
			mainGroup = AB4FE72C24C7CF8900EC752F;
			productRefGroup = AB4FE73624C7CF8900EC752F /* Products */;
			projectDirPath = "";
			projectRoot = "";
			targets = (
				AB4FE73424C7CF8900EC752F /* Objective-C Playground */,
			);
		};
/* End PBXProject section */

/* Begin PBXSourcesBuildPhase section */
		AB4FE73124C7CF8900EC752F /* Sources */ = {
			isa = PBXSourcesBuildPhase;
			buildActionMask = 2147483647;
			files = (
				AB4FE73924C7CF8900EC752F /* main.m in Sources */,
				AB4FE74124C7D33B00EC752F /* SyntaxBasics.m in Sources */,
			);
			runOnlyForDeploymentPostprocessing = 0;
		};
/* End PBXSourcesBuildPhase section */

/* Begin XCBuildConfiguration section */
		AB4FE73A24C7CF8900EC752F /* Debug */ = {
			isa = XCBuildConfiguration;
			buildSettings = {
				ALWAYS_SEARCH_USER_PATHS = NO;
				CLANG_ANALYZER_NONNULL = YES;
				CLANG_ANALYZER_NUMBER_OBJECT_CONVERSION = YES_AGGRESSIVE;
				CLANG_CXX_LANGUAGE_STANDARD = "gnu++14";
				CLANG_CXX_LIBRARY = "libc++";
				CLANG_ENABLE_MODULES = YES;
				CLANG_ENABLE_OBJC_ARC = YES;
				CLANG_ENABLE_OBJC_WEAK = YES;
				CLANG_WARN_BLOCK_CAPTURE_AUTORELEASING = YES;
				CLANG_WARN_BOOL_CONVERSION = YES;
				CLANG_WARN_COMMA = YES;
				CLANG_WARN_CONSTANT_CONVERSION = YES;
				CLANG_WARN_DEPRECATED_OBJC_IMPLEMENTATIONS = YES;
				CLANG_WARN_DIRECT_OBJC_ISA_USAGE = YES_ERROR;
				CLANG_WARN_DOCUMENTATION_COMMENTS = YES;
				CLANG_WARN_EMPTY_BODY = YES;
				CLANG_WARN_ENUM_CONVERSION = YES;
				CLANG_WARN_INFINITE_RECURSION = YES;
				CLANG_WARN_INT_CONVERSION = YES;
				CLANG_WARN_NON_LITERAL_NULL_CONVERSION = YES;
				CLANG_WARN_OBJC_IMPLICIT_RETAIN_SELF = YES;
				CLANG_WARN_OBJC_LITERAL_CONVERSION = YES;
				CLANG_WARN_OBJC_ROOT_CLASS = YES_ERROR;
				CLANG_WARN_RANGE_LOOP_ANALYSIS = YES;
				CLANG_WARN_STRICT_PROTOTYPES = YES;
				CLANG_WARN_SUSPICIOUS_MOVE = YES;
				CLANG_WARN_UNGUARDED_AVAILABILITY = YES_AGGRESSIVE;
				CLANG_WARN_UNREACHABLE_CODE = YES;
				CLANG_WARN__DUPLICATE_METHOD_MATCH = YES;
				COPY_PHASE_STRIP = NO;
				DEBUG_INFORMATION_FORMAT = dwarf;
				ENABLE_STRICT_OBJC_MSGSEND = YES;
				ENABLE_TESTABILITY = YES;
				GCC_C_LANGUAGE_STANDARD = gnu11;
				GCC_DYNAMIC_NO_PIC = NO;
				GCC_NO_COMMON_BLOCKS = YES;
				GCC_OPTIMIZATION_LEVEL = 0;
				GCC_PREPROCESSOR_DEFINITIONS = (
					"DEBUG=1",
					"$(inherited)",
				);
				GCC_WARN_64_TO_32_BIT_CONVERSION = YES;
				GCC_WARN_ABOUT_RETURN_TYPE = YES_ERROR;
				GCC_WARN_UNDECLARED_SELECTOR = YES;
				GCC_WARN_UNINITIALIZED_AUTOS = YES_AGGRESSIVE;
				GCC_WARN_UNUSED_FUNCTION = YES;
				GCC_WARN_UNUSED_VARIABLE = YES;
				MACOSX_DEPLOYMENT_TARGET = 10.15;
				MTL_ENABLE_DEBUG_INFO = INCLUDE_SOURCE;
				MTL_FAST_MATH = YES;
				ONLY_ACTIVE_ARCH = YES;
				SDKROOT = macosx;
			};
			name = Debug;
		};
		AB4FE73B24C7CF8900EC752F /* Release */ = {
			isa = XCBuildConfiguration;
			buildSettings = {
				ALWAYS_SEARCH_USER_PATHS = NO;
				CLANG_ANALYZER_NONNULL = YES;
				CLANG_ANALYZER_NUMBER_OBJECT_CONVERSION = YES_AGGRESSIVE;
				CLANG_CXX_LANGUAGE_STANDARD = "gnu++14";
				CLANG_CXX_LIBRARY = "libc++";
				CLANG_ENABLE_MODULES = YES;
				CLANG_ENABLE_OBJC_ARC = YES;
				CLANG_ENABLE_OBJC_WEAK = YES;
				CLANG_WARN_BLOCK_CAPTURE_AUTORELEASING = YES;
				CLANG_WARN_BOOL_CONVERSION = YES;
				CLANG_WARN_COMMA = YES;
				CLANG_WARN_CONSTANT_CONVERSION = YES;
				CLANG_WARN_DEPRECATED_OBJC_IMPLEMENTATIONS = YES;
				CLANG_WARN_DIRECT_OBJC_ISA_USAGE = YES_ERROR;
				CLANG_WARN_DOCUMENTATION_COMMENTS = YES;
				CLANG_WARN_EMPTY_BODY = YES;
				CLANG_WARN_ENUM_CONVERSION = YES;
				CLANG_WARN_INFINITE_RECURSION = YES;
				CLANG_WARN_INT_CONVERSION = YES;
				CLANG_WARN_NON_LITERAL_NULL_CONVERSION = YES;
				CLANG_WARN_OBJC_IMPLICIT_RETAIN_SELF = YES;
				CLANG_WARN_OBJC_LITERAL_CONVERSION = YES;
				CLANG_WARN_OBJC_ROOT_CLASS = YES_ERROR;
				CLANG_WARN_RANGE_LOOP_ANALYSIS = YES;
				CLANG_WARN_STRICT_PROTOTYPES = YES;
				CLANG_WARN_SUSPICIOUS_MOVE = YES;
				CLANG_WARN_UNGUARDED_AVAILABILITY = YES_AGGRESSIVE;
				CLANG_WARN_UNREACHABLE_CODE = YES;
				CLANG_WARN__DUPLICATE_METHOD_MATCH = YES;
				COPY_PHASE_STRIP = NO;
				DEBUG_INFORMATION_FORMAT = "dwarf-with-dsym";
				ENABLE_NS_ASSERTIONS = NO;
				ENABLE_STRICT_OBJC_MSGSEND = YES;
				GCC_C_LANGUAGE_STANDARD = gnu11;
				GCC_NO_COMMON_BLOCKS = YES;
				GCC_WARN_64_TO_32_BIT_CONVERSION = YES;
				GCC_WARN_ABOUT_RETURN_TYPE = YES_ERROR;
				GCC_WARN_UNDECLARED_SELECTOR = YES;
				GCC_WARN_UNINITIALIZED_AUTOS = YES_AGGRESSIVE;
				GCC_WARN_UNUSED_FUNCTION = YES;
				GCC_WARN_UNUSED_VARIABLE = YES;
				MACOSX_DEPLOYMENT_TARGET = 10.15;
				MTL_ENABLE_DEBUG_INFO = NO;
				MTL_FAST_MATH = YES;
				SDKROOT = macosx;
			};
			name = Release;
		};
		AB4FE73D24C7CF8900EC752F /* Debug */ = {
			isa = XCBuildConfiguration;
			buildSettings = {
				CODE_SIGN_STYLE = Automatic;
				DEVELOPMENT_TEAM = 46XAGWCJPW;
				ENABLE_HARDENED_RUNTIME = YES;
				PRODUCT_NAME = "$(TARGET_NAME)";
			};
			name = Debug;
		};
		AB4FE73E24C7CF8900EC752F /* Release */ = {
			isa = XCBuildConfiguration;
			buildSettings = {
				CODE_SIGN_STYLE = Automatic;
				DEVELOPMENT_TEAM = 46XAGWCJPW;
				ENABLE_HARDENED_RUNTIME = YES;
				PRODUCT_NAME = "$(TARGET_NAME)";
			};
			name = Release;
		};
/* End XCBuildConfiguration section */

/* Begin XCConfigurationList section */
		AB4FE73024C7CF8900EC752F /* Build configuration list for PBXProject "Objective-C Playground" */ = {
			isa = XCConfigurationList;
			buildConfigurations = (
				AB4FE73A24C7CF8900EC752F /* Debug */,
				AB4FE73B24C7CF8900EC752F /* Release */,
			);
			defaultConfigurationIsVisible = 0;
			defaultConfigurationName = Release;
		};
		AB4FE73C24C7CF8900EC752F /* Build configuration list for PBXNativeTarget "Objective-C Playground" */ = {
			isa = XCConfigurationList;
			buildConfigurations = (
				AB4FE73D24C7CF8900EC752F /* Debug */,
				AB4FE73E24C7CF8900EC752F /* Release */,
			);
			defaultConfigurationIsVisible = 0;
			defaultConfigurationName = Release;
		};
/* End XCConfigurationList section */
	};
	rootObject = AB4FE72D24C7CF8900EC752F /* Project object */;
}
